
Microsoft Visual Studio Solution File, Format Version 12.00
# Visual Studio Version 17
VisualStudioVersion = 17.14.36310.24 d17.14
MinimumVisualStudioVersion = 10.0.40219.1
Project("{FAE04EC0-301F-11D3-BF4B-00C04F79EFBC}") = "YT-Strings-And-StringBuilder", "YT-Strings-And-StringBuilder\YT-Strings-And-StringBuilder.csproj", "{219DB307-4F2F-432A-87BA-F237F21D0966}"
EndProject
Global
	GlobalSection(SolutionConfigurationPlatforms) = preSolution
		Debug|Any CPU = Debug|Any CPU
		Release|Any CPU = Release|Any CPU
	EndGlobalSection
	GlobalSection(ProjectConfigurationPlatforms) = postSolution
		{219DB307-4F2F-432A-87BA-F237F21D0966}.Debug|Any CPU.ActiveCfg = Debug|Any CPU
		{219DB307-4F2F-432A-87BA-F237F21D0966}.Debug|Any CPU.Build.0 = Debug|Any CPU
		{219DB307-4F2F-432A-87BA-F237F21D0966}.Release|Any CPU.ActiveCfg = Release|Any CPU
		{219DB307-4F2F-432A-87BA-F237F21D0966}.Release|Any CPU.Build.0 = Release|Any CPU
	EndGlobalSection
	GlobalSection(SolutionProperties) = preSolution
		HideSolutionNode = FALSE
	EndGlobalSection
	GlobalSection(ExtensibilityGlobals) = postSolution
		SolutionGuid = {0B00970E-D755-4C1D-9F02-1013C2CE8542}
	EndGlobalSection
EndGlobal
